
Microsoft Visual Studio Solution File, Format Version 12.00
# Visual Studio Version 17
VisualStudioVersion = 17.14.36221.1 d17.14
MinimumVisualStudioVersion = 10.0.40219.1
Project("{FAE04EC0-301F-11D3-BF4B-00C04F79EFBC}") = "HumanEnhancement", "HumanEnhancement.csproj", "{58C05322-1DF3-4B7B-BDC5-A934091E7527}"
EndProject
Global
	GlobalSection(SolutionConfigurationPlatforms) = preSolution
		Debug|Any CPU = Debug|Any CPU
		Debug|x64 = Debug|x64
		Release|Any CPU = Release|Any CPU
		Release|x64 = Release|x64
	EndGlobalSection
	GlobalSection(ProjectConfigurationPlatforms) = postSolution
		{58C05322-1DF3-4B7B-BDC5-A934091E7527}.Debug|Any CPU.ActiveCfg = Debug|Any CPU
		{58C05322-1DF3-4B7B-BDC5-A934091E7527}.Debug|Any CPU.Build.0 = Debug|Any CPU
		{58C05322-1DF3-4B7B-BDC5-A934091E7527}.Debug|x64.ActiveCfg = Debug|x64
		{58C05322-1DF3-4B7B-BDC5-A934091E7527}.Debug|x64.Build.0 = Debug|x64
		{58C05322-1DF3-4B7B-BDC5-A934091E7527}.Release|Any CPU.ActiveCfg = Release|Any CPU
		{58C05322-1DF3-4B7B-BDC5-A934091E7527}.Release|Any CPU.Build.0 = Release|Any CPU
		{58C05322-1DF3-4B7B-BDC5-A934091E7527}.Release|x64.ActiveCfg = Release|x64
		{58C05322-1DF3-4B7B-BDC5-A934091E7527}.Release|x64.Build.0 = Release|x64
	EndGlobalSection
	GlobalSection(SolutionProperties) = preSolution
		HideSolutionNode = FALSE
	EndGlobalSection
	GlobalSection(ExtensibilityGlobals) = postSolution
		SolutionGuid = {C6EC2132-46E9-4D39-B5C6-93DA08D412D8}
	EndGlobalSection
EndGlobal
